
Microsoft Visual Studio Solution File, Format Version 12.00
# Visual Studio Version 17
VisualStudioVersion = 17.7.34202.233
MinimumVisualStudioVersion = 10.0.40219.1
Project("{FAE04EC0-301F-11D3-BF4B-00C04F79EFBC}") = "WebAPI", "WebAPI.csproj", "{38852D82-FB86-4C47-90F5-86365846F1B6}"
EndProject
Project("{FAE04EC0-301F-11D3-BF4B-00C04F79EFBC}") = "Model", "..\Model\Model.csproj", "{9CA681A1-8729-46E4-944D-9A5E88780B2D}"
EndProject
Project("{FAE04EC0-301F-11D3-BF4B-00C04F79EFBC}") = "DAL", "..\DAL\DAL.csproj", "{DC5536FA-2FCD-4396-AA2B-25E107E492E9}"
EndProject
Global
	GlobalSection(SolutionConfigurationPlatforms) = preSolution
		Debug|Any CPU = Debug|Any CPU
		Release|Any CPU = Release|Any CPU
	EndGlobalSection
	GlobalSection(ProjectConfigurationPlatforms) = postSolution
		{38852D82-FB86-4C47-90F5-86365846F1B6}.Debug|Any CPU.ActiveCfg = Debug|Any CPU
		{38852D82-FB86-4C47-90F5-86365846F1B6}.Debug|Any CPU.Build.0 = Debug|Any CPU
		{38852D82-FB86-4C47-90F5-86365846F1B6}.Release|Any CPU.ActiveCfg = Release|Any CPU
		{38852D82-FB86-4C47-90F5-86365846F1B6}.Release|Any CPU.Build.0 = Release|Any CPU
		{9CA681A1-8729-46E4-944D-9A5E88780B2D}.Debug|Any CPU.ActiveCfg = Debug|Any CPU
		{9CA681A1-8729-46E4-944D-9A5E88780B2D}.Debug|Any CPU.Build.0 = Debug|Any CPU
		{9CA681A1-8729-46E4-944D-9A5E88780B2D}.Release|Any CPU.ActiveCfg = Release|Any CPU
		{9CA681A1-8729-46E4-944D-9A5E88780B2D}.Release|Any CPU.Build.0 = Release|Any CPU
		{DC5536FA-2FCD-4396-AA2B-25E107E492E9}.Debug|Any CPU.ActiveCfg = Debug|Any CPU
		{DC5536FA-2FCD-4396-AA2B-25E107E492E9}.Debug|Any CPU.Build.0 = Debug|Any CPU
		{DC5536FA-2FCD-4396-AA2B-25E107E492E9}.Release|Any CPU.ActiveCfg = Release|Any CPU
		{DC5536FA-2FCD-4396-AA2B-25E107E492E9}.Release|Any CPU.Build.0 = Release|Any CPU
	EndGlobalSection
	GlobalSection(SolutionProperties) = preSolution
		HideSolutionNode = FALSE
	EndGlobalSection
	GlobalSection(ExtensibilityGlobals) = postSolution
		SolutionGuid = {81E842AE-F5C5-418D-A0F9-083FE6249301}
	EndGlobalSection
EndGlobal
